
Microsoft Visual Studio Solution File, Format Version 12.00
# Visual Studio Version 16
VisualStudioVersion = 16.0.32106.194
MinimumVisualStudioVersion = 10.0.40219.1
Project("{FAE04EC0-301F-11D3-BF4B-00C04F79EFBC}") = "CashDispenser", "Login\CashDispenser.csproj", "{A9D58B9D-655A-4F00-A80B-962EEE1C1E22}"
EndProject
Global
	GlobalSection(SolutionConfigurationPlatforms) = preSolution
		Debug|Any CPU = Debug|Any CPU
		Release|Any CPU = Release|Any CPU
	EndGlobalSection
	GlobalSection(ProjectConfigurationPlatforms) = postSolution
		{A9D58B9D-655A-4F00-A80B-962EEE1C1E22}.Debug|Any CPU.ActiveCfg = Debug|Any CPU
		{A9D58B9D-655A-4F00-A80B-962EEE1C1E22}.Debug|Any CPU.Build.0 = Debug|Any CPU
		{A9D58B9D-655A-4F00-A80B-962EEE1C1E22}.Release|Any CPU.ActiveCfg = Release|Any CPU
		{A9D58B9D-655A-4F00-A80B-962EEE1C1E22}.Release|Any CPU.Build.0 = Release|Any CPU
	EndGlobalSection
	GlobalSection(SolutionProperties) = preSolution
		HideSolutionNode = FALSE
	EndGlobalSection
	GlobalSection(ExtensibilityGlobals) = postSolution
		SolutionGuid = {C00F3D15-7626-46AB-BD0E-708974C2188B}
	EndGlobalSection
EndGlobal
